
Microsoft Visual Studio Solution File, Format Version 12.00
# Visual Studio Version 16
VisualStudioVersion = 16.0.29509.3
MinimumVisualStudioVersion = 10.0.40219.1
Project("{8BC9CEB8-8B4A-11D0-8D11-00A0C91BC942}") = "common", "common\common.vcxproj", "{7DB55264-C7D3-4706-9973-1535329145D0}"
EndProject
Project("{8BC9CEB8-8B4A-11D0-8D11-00A0C91BC942}") = "include", "include\include.vcxproj", "{080B4498-614D-4546-A575-DC2CB7AC7433}"
EndProject
Project("{8BC9CEB8-8B4A-11D0-8D11-00A0C91BC942}") = "90-01-b1", "90-01-b1\90-01-b1.vcxproj", "{51C033ED-A478-4DB9-A549-F662E92037A7}"
EndProject
Project("{8BC9CEB8-8B4A-11D0-8D11-00A0C91BC942}") = "90-01-b2", "90-01-b2\90-01-b2.vcxproj", "{218257F6-979F-4691-8D03-D41C7FB63B34}"
EndProject
Project("{2150E333-8FDC-42A3-9474-1A3956D46DE8}") = "Solution Items", "Solution Items", "{919BC68D-AD65-431E-ABF9-B29862A9B1DB}"
EndProject
Project("{8BC9CEB8-8B4A-11D0-8D11-00A0C91BC942}") = "90-02-b2", "90-02-b2\90-02-b2.vcxproj", "{1668C5E6-A012-4479-ABB6-78F98029866E}"
EndProject
Project("{8BC9CEB8-8B4A-11D0-8D11-00A0C91BC942}") = "90-02-b1", "90-02-b1\90-02-b1.vcxproj", "{0D0A85A8-8D0B-4AE0-8DA0-B99E3085392C}"
EndProject
Project("{8BC9CEB8-8B4A-11D0-8D11-00A0C91BC942}") = "90-02-b3-qq_rec_parsed", "90-02-b3-qq_rec_parsed\90-02-b3-qq_rec_parsed.vcxproj", "{E938C14C-7E93-48DA-8B00-20D3DF6D14EE}"
EndProject
Project("{8BC9CEB8-8B4A-11D0-8D11-00A0C91BC942}") = "90-02-b3-hw_check", "90-02-b3-hw_check\90-02-b3-hw_check.vcxproj", "{04F22501-BB23-4B31-A63F-64677C62132A}"
EndProject
Project("{8BC9CEB8-8B4A-11D0-8D11-00A0C91BC942}") = "90-02-b3-tree", "90-02-b3-tree\90-02-b3-tree.vcxproj", "{F14E3304-C132-4A2E-A316-1C40AE19532F}"
EndProject
Project("{8BC9CEB8-8B4A-11D0-8D11-00A0C91BC942}") = "90-02-b3-xcopy", "90-02-b3-xcopy\90-02-b3-xcopy.vcxproj", "{0E43BCF5-5076-4CEC-8704-6E15875F6939}"
EndProject
Project("{8BC9CEB8-8B4A-11D0-8D11-00A0C91BC942}") = "90-02-b4-qq_rec_parsed", "90-02-b4-qq_rec_parsed\90-02-b4-qq_rec_parsed.vcxproj", "{1D5F5C6C-3D1A-4EED-9FA1-8D8D6A17DCAB}"
EndProject
Project("{8BC9CEB8-8B4A-11D0-8D11-00A0C91BC942}") = "90-02-b4-hw_check", "90-02-b4-hw_check\90-02-b4-hw_check.vcxproj", "{8974D808-DD9A-4836-B814-97CEB6AFD045}"
EndProject
Project("{8BC9CEB8-8B4A-11D0-8D11-00A0C91BC942}") = "90-02-b4-tree", "90-02-b4-tree\90-02-b4-tree.vcxproj", "{3A12BB94-93BF-4CF9-A040-6BAC85CA7C28}"
EndProject
Project("{8BC9CEB8-8B4A-11D0-8D11-00A0C91BC942}") = "90-02-b5", "90-02-b5\90-02-b5.vcxproj", "{DE218164-8825-4C79-88E6-DD0CA48A31C4}"
EndProject
Project("{8BC9CEB8-8B4A-11D0-8D11-00A0C91BC942}") = "99-j2", "99-j2\99-j2.vcxproj", "{0799F948-02F4-49D0-83E6-8C1FB1D4EB30}"
EndProject
Global
	GlobalSection(SolutionConfigurationPlatforms) = preSolution
		Debug|x64 = Debug|x64
		Debug|x86 = Debug|x86
		Release|x64 = Release|x64
		Release|x86 = Release|x86
	EndGlobalSection
	GlobalSection(ProjectConfigurationPlatforms) = postSolution
		{7DB55264-C7D3-4706-9973-1535329145D0}.Debug|x64.ActiveCfg = Debug|x64
		{7DB55264-C7D3-4706-9973-1535329145D0}.Debug|x64.Build.0 = Debug|x64
		{7DB55264-C7D3-4706-9973-1535329145D0}.Debug|x86.ActiveCfg = Debug|Win32
		{7DB55264-C7D3-4706-9973-1535329145D0}.Debug|x86.Build.0 = Debug|Win32
		{7DB55264-C7D3-4706-9973-1535329145D0}.Release|x64.ActiveCfg = Release|x64
		{7DB55264-C7D3-4706-9973-1535329145D0}.Release|x64.Build.0 = Release|x64
		{7DB55264-C7D3-4706-9973-1535329145D0}.Release|x86.ActiveCfg = Release|Win32
		{7DB55264-C7D3-4706-9973-1535329145D0}.Release|x86.Build.0 = Release|Win32
		{080B4498-614D-4546-A575-DC2CB7AC7433}.Debug|x64.ActiveCfg = Debug|x64
		{080B4498-614D-4546-A575-DC2CB7AC7433}.Debug|x64.Build.0 = Debug|x64
		{080B4498-614D-4546-A575-DC2CB7AC7433}.Debug|x86.ActiveCfg = Debug|Win32
		{080B4498-614D-4546-A575-DC2CB7AC7433}.Debug|x86.Build.0 = Debug|Win32
		{080B4498-614D-4546-A575-DC2CB7AC7433}.Release|x64.ActiveCfg = Release|x64
		{080B4498-614D-4546-A575-DC2CB7AC7433}.Release|x64.Build.0 = Release|x64
		{080B4498-614D-4546-A575-DC2CB7AC7433}.Release|x86.ActiveCfg = Release|Win32
		{080B4498-614D-4546-A575-DC2CB7AC7433}.Release|x86.Build.0 = Release|Win32
		{51C033ED-A478-4DB9-A549-F662E92037A7}.Debug|x64.ActiveCfg = Debug|x64
		{51C033ED-A478-4DB9-A549-F662E92037A7}.Debug|x64.Build.0 = Debug|x64
		{51C033ED-A478-4DB9-A549-F662E92037A7}.Debug|x86.ActiveCfg = Debug|Win32
		{51C033ED-A478-4DB9-A549-F662E92037A7}.Debug|x86.Build.0 = Debug|Win32
		{51C033ED-A478-4DB9-A549-F662E92037A7}.Release|x64.ActiveCfg = Release|x64
		{51C033ED-A478-4DB9-A549-F662E92037A7}.Release|x64.Build.0 = Release|x64
		{51C033ED-A478-4DB9-A549-F662E92037A7}.Release|x86.ActiveCfg = Release|Win32
		{51C033ED-A478-4DB9-A549-F662E92037A7}.Release|x86.Build.0 = Release|Win32
		{218257F6-979F-4691-8D03-D41C7FB63B34}.Debug|x64.ActiveCfg = Debug|x64
		{218257F6-979F-4691-8D03-D41C7FB63B34}.Debug|x64.Build.0 = Debug|x64
		{218257F6-979F-4691-8D03-D41C7FB63B34}.Debug|x86.ActiveCfg = Debug|Win32
		{218257F6-979F-4691-8D03-D41C7FB63B34}.Debug|x86.Build.0 = Debug|Win32
		{218257F6-979F-4691-8D03-D41C7FB63B34}.Release|x64.ActiveCfg = Release|x64
		{218257F6-979F-4691-8D03-D41C7FB63B34}.Release|x64.Build.0 = Release|x64
		{218257F6-979F-4691-8D03-D41C7FB63B34}.Release|x86.ActiveCfg = Release|Win32
		{218257F6-979F-4691-8D03-D41C7FB63B34}.Release|x86.Build.0 = Release|Win32
		{1668C5E6-A012-4479-ABB6-78F98029866E}.Debug|x64.ActiveCfg = Debug|x64
		{1668C5E6-A012-4479-ABB6-78F98029866E}.Debug|x64.Build.0 = Debug|x64
		{1668C5E6-A012-4479-ABB6-78F98029866E}.Debug|x86.ActiveCfg = Debug|Win32
		{1668C5E6-A012-4479-ABB6-78F98029866E}.Debug|x86.Build.0 = Debug|Win32
		{1668C5E6-A012-4479-ABB6-78F98029866E}.Release|x64.ActiveCfg = Release|x64
		{1668C5E6-A012-4479-ABB6-78F98029866E}.Release|x64.Build.0 = Release|x64
		{1668C5E6-A012-4479-ABB6-78F98029866E}.Release|x86.ActiveCfg = Release|Win32
		{1668C5E6-A012-4479-ABB6-78F98029866E}.Release|x86.Build.0 = Release|Win32
		{0D0A85A8-8D0B-4AE0-8DA0-B99E3085392C}.Debug|x64.ActiveCfg = Debug|x64
		{0D0A85A8-8D0B-4AE0-8DA0-B99E3085392C}.Debug|x64.Build.0 = Debug|x64
		{0D0A85A8-8D0B-4AE0-8DA0-B99E3085392C}.Debug|x86.ActiveCfg = Debug|Win32
		{0D0A85A8-8D0B-4AE0-8DA0-B99E3085392C}.Debug|x86.Build.0 = Debug|Win32
		{0D0A85A8-8D0B-4AE0-8DA0-B99E3085392C}.Release|x64.ActiveCfg = Release|x64
		{0D0A85A8-8D0B-4AE0-8DA0-B99E3085392C}.Release|x64.Build.0 = Release|x64
		{0D0A85A8-8D0B-4AE0-8DA0-B99E3085392C}.Release|x86.ActiveCfg = Release|Win32
		{0D0A85A8-8D0B-4AE0-8DA0-B99E3085392C}.Release|x86.Build.0 = Release|Win32
		{E938C14C-7E93-48DA-8B00-20D3DF6D14EE}.Debug|x64.ActiveCfg = Debug|x64
		{E938C14C-7E93-48DA-8B00-20D3DF6D14EE}.Debug|x64.Build.0 = Debug|x64
		{E938C14C-7E93-48DA-8B00-20D3DF6D14EE}.Debug|x86.ActiveCfg = Debug|Win32
		{E938C14C-7E93-48DA-8B00-20D3DF6D14EE}.Debug|x86.Build.0 = Debug|Win32
		{E938C14C-7E93-48DA-8B00-20D3DF6D14EE}.Release|x64.ActiveCfg = Release|x64
		{E938C14C-7E93-48DA-8B00-20D3DF6D14EE}.Release|x64.Build.0 = Release|x64
		{E938C14C-7E93-48DA-8B00-20D3DF6D14EE}.Release|x86.ActiveCfg = Release|Win32
		{E938C14C-7E93-48DA-8B00-20D3DF6D14EE}.Release|x86.Build.0 = Release|Win32
		{04F22501-BB23-4B31-A63F-64677C62132A}.Debug|x64.ActiveCfg = Debug|x64
		{04F22501-BB23-4B31-A63F-64677C62132A}.Debug|x64.Build.0 = Debug|x64
		{04F22501-BB23-4B31-A63F-64677C62132A}.Debug|x86.ActiveCfg = Debug|Win32
		{04F22501-BB23-4B31-A63F-64677C62132A}.Debug|x86.Build.0 = Debug|Win32
		{04F22501-BB23-4B31-A63F-64677C62132A}.Release|x64.ActiveCfg = Release|x64
		{04F22501-BB23-4B31-A63F-64677C62132A}.Release|x64.Build.0 = Release|x64
		{04F22501-BB23-4B31-A63F-64677C62132A}.Release|x86.ActiveCfg = Release|Win32
		{04F22501-BB23-4B31-A63F-64677C62132A}.Release|x86.Build.0 = Release|Win32
		{F14E3304-C132-4A2E-A316-1C40AE19532F}.Debug|x64.ActiveCfg = Debug|x64
		{F14E3304-C132-4A2E-A316-1C40AE19532F}.Debug|x64.Build.0 = Debug|x64
		{F14E3304-C132-4A2E-A316-1C40AE19532F}.Debug|x86.ActiveCfg = Debug|Win32
		{F14E3304-C132-4A2E-A316-1C40AE19532F}.Debug|x86.Build.0 = Debug|Win32
		{F14E3304-C132-4A2E-A316-1C40AE19532F}.Release|x64.ActiveCfg = Release|x64
		{F14E3304-C132-4A2E-A316-1C40AE19532F}.Release|x64.Build.0 = Release|x64
		{F14E3304-C132-4A2E-A316-1C40AE19532F}.Release|x86.ActiveCfg = Release|Win32
		{F14E3304-C132-4A2E-A316-1C40AE19532F}.Release|x86.Build.0 = Release|Win32
		{0E43BCF5-5076-4CEC-8704-6E15875F6939}.Debug|x64.ActiveCfg = Debug|x64
		{0E43BCF5-5076-4CEC-8704-6E15875F6939}.Debug|x64.Build.0 = Debug|x64
		{0E43BCF5-5076-4CEC-8704-6E15875F6939}.Debug|x86.ActiveCfg = Debug|Win32
		{0E43BCF5-5076-4CEC-8704-6E15875F6939}.Debug|x86.Build.0 = Debug|Win32
		{0E43BCF5-5076-4CEC-8704-6E15875F6939}.Release|x64.ActiveCfg = Release|x64
		{0E43BCF5-5076-4CEC-8704-6E15875F6939}.Release|x64.Build.0 = Release|x64
		{0E43BCF5-5076-4CEC-8704-6E15875F6939}.Release|x86.ActiveCfg = Release|Win32
		{0E43BCF5-5076-4CEC-8704-6E15875F6939}.Release|x86.Build.0 = Release|Win32
		{1D5F5C6C-3D1A-4EED-9FA1-8D8D6A17DCAB}.Debug|x64.ActiveCfg = Debug|x64
		{1D5F5C6C-3D1A-4EED-9FA1-8D8D6A17DCAB}.Debug|x64.Build.0 = Debug|x64
		{1D5F5C6C-3D1A-4EED-9FA1-8D8D6A17DCAB}.Debug|x86.ActiveCfg = Debug|Win32
		{1D5F5C6C-3D1A-4EED-9FA1-8D8D6A17DCAB}.Debug|x86.Build.0 = Debug|Win32
		{1D5F5C6C-3D1A-4EED-9FA1-8D8D6A17DCAB}.Release|x64.ActiveCfg = Release|x64
		{1D5F5C6C-3D1A-4EED-9FA1-8D8D6A17DCAB}.Release|x64.Build.0 = Release|x64
		{1D5F5C6C-3D1A-4EED-9FA1-8D8D6A17DCAB}.Release|x86.ActiveCfg = Release|Win32
		{1D5F5C6C-3D1A-4EED-9FA1-8D8D6A17DCAB}.Release|x86.Build.0 = Release|Win32
		{8974D808-DD9A-4836-B814-97CEB6AFD045}.Debug|x64.ActiveCfg = Debug|x64
		{8974D808-DD9A-4836-B814-97CEB6AFD045}.Debug|x64.Build.0 = Debug|x64
		{8974D808-DD9A-4836-B814-97CEB6AFD045}.Debug|x86.ActiveCfg = Debug|Win32
		{8974D808-DD9A-4836-B814-97CEB6AFD045}.Debug|x86.Build.0 = Debug|Win32
		{8974D808-DD9A-4836-B814-97CEB6AFD045}.Release|x64.ActiveCfg = Release|x64
		{8974D808-DD9A-4836-B814-97CEB6AFD045}.Release|x64.Build.0 = Release|x64
		{8974D808-DD9A-4836-B814-97CEB6AFD045}.Release|x86.ActiveCfg = Release|Win32
		{8974D808-DD9A-4836-B814-97CEB6AFD045}.Release|x86.Build.0 = Release|Win32
		{3A12BB94-93BF-4CF9-A040-6BAC85CA7C28}.Debug|x64.ActiveCfg = Debug|x64
		{3A12BB94-93BF-4CF9-A040-6BAC85CA7C28}.Debug|x64.Build.0 = Debug|x64
		{3A12BB94-93BF-4CF9-A040-6BAC85CA7C28}.Debug|x86.ActiveCfg = Debug|Win32
		{3A12BB94-93BF-4CF9-A040-6BAC85CA7C28}.Debug|x86.Build.0 = Debug|Win32
		{3A12BB94-93BF-4CF9-A040-6BAC85CA7C28}.Release|x64.ActiveCfg = Release|x64
		{3A12BB94-93BF-4CF9-A040-6BAC85CA7C28}.Release|x64.Build.0 = Release|x64
		{3A12BB94-93BF-4CF9-A040-6BAC85CA7C28}.Release|x86.ActiveCfg = Release|Win32
		{3A12BB94-93BF-4CF9-A040-6BAC85CA7C28}.Release|x86.Build.0 = Release|Win32
		{DE218164-8825-4C79-88E6-DD0CA48A31C4}.Debug|x64.ActiveCfg = Debug|x64
		{DE218164-8825-4C79-88E6-DD0CA48A31C4}.Debug|x64.Build.0 = Debug|x64
		{DE218164-8825-4C79-88E6-DD0CA48A31C4}.Debug|x86.ActiveCfg = Debug|Win32
		{DE218164-8825-4C79-88E6-DD0CA48A31C4}.Debug|x86.Build.0 = Debug|Win32
		{DE218164-8825-4C79-88E6-DD0CA48A31C4}.Release|x64.ActiveCfg = Release|x64
		{DE218164-8825-4C79-88E6-DD0CA48A31C4}.Release|x64.Build.0 = Release|x64
		{DE218164-8825-4C79-88E6-DD0CA48A31C4}.Release|x86.ActiveCfg = Release|Win32
		{DE218164-8825-4C79-88E6-DD0CA48A31C4}.Release|x86.Build.0 = Release|Win32
		{0799F948-02F4-49D0-83E6-8C1FB1D4EB30}.Debug|x64.ActiveCfg = Debug|x64
		{0799F948-02F4-49D0-83E6-8C1FB1D4EB30}.Debug|x64.Build.0 = Debug|x64
		{0799F948-02F4-49D0-83E6-8C1FB1D4EB30}.Debug|x86.ActiveCfg = Debug|Win32
		{0799F948-02F4-49D0-83E6-8C1FB1D4EB30}.Debug|x86.Build.0 = Debug|Win32
		{0799F948-02F4-49D0-83E6-8C1FB1D4EB30}.Release|x64.ActiveCfg = Release|x64
		{0799F948-02F4-49D0-83E6-8C1FB1D4EB30}.Release|x64.Build.0 = Release|x64
		{0799F948-02F4-49D0-83E6-8C1FB1D4EB30}.Release|x86.ActiveCfg = Release|Win32
		{0799F948-02F4-49D0-83E6-8C1FB1D4EB30}.Release|x86.Build.0 = Release|Win32
	EndGlobalSection
	GlobalSection(SolutionProperties) = preSolution
		HideSolutionNode = FALSE
	EndGlobalSection
	GlobalSection(ExtensibilityGlobals) = postSolution
		SolutionGuid = {99CB8139-A37C-4289-B0D8-75E331CA5834}
	EndGlobalSection
EndGlobal
